// !$*UTF8*$!
{
	archiveVersion = 1;
	classes = {
	};
	objectVersion = 56;
	objects = {

/* Begin PBXBuildFile section */
		063F94902A426C7600F6EF4D /* DequeuableRegistrableCell.swift in Sources */ = {isa = PBXBuildFile; fileRef = 063F948F2A426C7600F6EF4D /* DequeuableRegistrableCell.swift */; };
		063F94942A426E6500F6EF4D /* CharactersCell.swift in Sources */ = {isa = PBXBuildFile; fileRef = 063F94922A426E6500F6EF4D /* CharactersCell.swift */; };
		063F94952A426E6500F6EF4D /* CharactersCell.xib in Resources */ = {isa = PBXBuildFile; fileRef = 063F94932A426E6500F6EF4D /* CharactersCell.xib */; };
		063F949B2A426EDD00F6EF4D /* HomeMenuViewController.swift in Sources */ = {isa = PBXBuildFile; fileRef = 063F94992A426EDD00F6EF4D /* HomeMenuViewController.swift */; };
		063F949C2A426EDD00F6EF4D /* HomeMenuViewController.xib in Resources */ = {isa = PBXBuildFile; fileRef = 063F949A2A426EDD00F6EF4D /* HomeMenuViewController.xib */; };
		065A0DA62A3E057100FDD060 /* Coordinator.swift in Sources */ = {isa = PBXBuildFile; fileRef = 065A0DA52A3E057100FDD060 /* Coordinator.swift */; };
		065A0DA82A3E071300FDD060 /* AppCoordinator.swift in Sources */ = {isa = PBXBuildFile; fileRef = 065A0DA72A3E071300FDD060 /* AppCoordinator.swift */; };
		065A0DAB2A3E0A1600FDD060 /* AppFactory.swift in Sources */ = {isa = PBXBuildFile; fileRef = 065A0DAA2A3E0A1600FDD060 /* AppFactory.swift */; };
		065A0DAD2A3E0B2500FDD060 /* HomeCoordinator.swift in Sources */ = {isa = PBXBuildFile; fileRef = 065A0DAC2A3E0B2500FDD060 /* HomeCoordinator.swift */; };
		065A0DAF2A3E375200FDD060 /* HomeFactory.swift in Sources */ = {isa = PBXBuildFile; fileRef = 065A0DAE2A3E375200FDD060 /* HomeFactory.swift */; };
		067BED422A5DBC9300AA1B19 /* MenuRepository.swift in Sources */ = {isa = PBXBuildFile; fileRef = 067BED412A5DBC9300AA1B19 /* MenuRepository.swift */; };
		067BED462A5DBD4500AA1B19 /* MenuRepositoryImp.swift in Sources */ = {isa = PBXBuildFile; fileRef = 067BED452A5DBD4500AA1B19 /* MenuRepositoryImp.swift */; };
		067BED512A5EEB4F00AA1B19 /* ServiceLayer.swift in Sources */ = {isa = PBXBuildFile; fileRef = 067BED502A5EEB4F00AA1B19 /* ServiceLayer.swift */; };
		067BED542A5EEBF700AA1B19 /* NetworkError.swift in Sources */ = {isa = PBXBuildFile; fileRef = 067BED532A5EEBF700AA1B19 /* NetworkError.swift */; };
		067BED572A5EED4600AA1B19 /* RequestModel.swift in Sources */ = {isa = PBXBuildFile; fileRef = 067BED562A5EED4600AA1B19 /* RequestModel.swift */; };
		067BED592A5EEDB000AA1B19 /* Constants.swift in Sources */ = {isa = PBXBuildFile; fileRef = 067BED582A5EEDB000AA1B19 /* Constants.swift */; };
		067BED5B2A5F1CE700AA1B19 /* Utils.swift in Sources */ = {isa = PBXBuildFile; fileRef = 067BED5A2A5F1CE700AA1B19 /* Utils.swift */; };
		067BED5E2A5F1DA700AA1B19 /* MenuItems.json in Sources */ = {isa = PBXBuildFile; fileRef = 067BED5D2A5F1DA700AA1B19 /* MenuItems.json */; };
		06B9C7972A3A886F009C6FFD /* AppDelegate.swift in Sources */ = {isa = PBXBuildFile; fileRef = 06B9C7962A3A886F009C6FFD /* AppDelegate.swift */; };
		06B9C7992A3A886F009C6FFD /* SceneDelegate.swift in Sources */ = {isa = PBXBuildFile; fileRef = 06B9C7982A3A886F009C6FFD /* SceneDelegate.swift */; };
		06B9C7A02A3A8871009C6FFD /* Assets.xcassets in Resources */ = {isa = PBXBuildFile; fileRef = 06B9C79F2A3A8871009C6FFD /* Assets.xcassets */; };
		06B9C7A32A3A8871009C6FFD /* LaunchScreen.storyboard in Resources */ = {isa = PBXBuildFile; fileRef = 06B9C7A12A3A8871009C6FFD /* LaunchScreen.storyboard */; };
		06B9C7AE2A3A8871009C6FFD /* RickyAndMortyTests.swift in Sources */ = {isa = PBXBuildFile; fileRef = 06B9C7AD2A3A8871009C6FFD /* RickyAndMortyTests.swift */; };
/* End PBXBuildFile section */

/* Begin PBXContainerItemProxy section */
		06B9C7AA2A3A8871009C6FFD /* PBXContainerItemProxy */ = {
			isa = PBXContainerItemProxy;
			containerPortal = 06B9C78B2A3A886F009C6FFD /* Project object */;
			proxyType = 1;
			remoteGlobalIDString = 06B9C7922A3A886F009C6FFD;
			remoteInfo = RickyAndMorty;
		};
		06B9C7B42A3A8871009C6FFD /* PBXContainerItemProxy */ = {
			isa = PBXContainerItemProxy;
			containerPortal = 06B9C78B2A3A886F009C6FFD /* Project object */;
			proxyType = 1;
			remoteGlobalIDString = 06B9C7922A3A886F009C6FFD;
			remoteInfo = RickyAndMorty;
		};
/* End PBXContainerItemProxy section */

/* Begin PBXFileReference section */
		063F948F2A426C7600F6EF4D /* DequeuableRegistrableCell.swift */ = {isa = PBXFileReference; lastKnownFileType = sourcecode.swift; path = DequeuableRegistrableCell.swift; sourceTree = "<group>"; };
		063F94922A426E6500F6EF4D /* CharactersCell.swift */ = {isa = PBXFileReference; lastKnownFileType = sourcecode.swift; path = CharactersCell.swift; sourceTree = "<group>"; };
		063F94932A426E6500F6EF4D /* CharactersCell.xib */ = {isa = PBXFileReference; lastKnownFileType = file.xib; path = CharactersCell.xib; sourceTree = "<group>"; };
		063F94992A426EDD00F6EF4D /* HomeMenuViewController.swift */ = {isa = PBXFileReference; lastKnownFileType = sourcecode.swift; path = HomeMenuViewController.swift; sourceTree = "<group>"; };
		063F949A2A426EDD00F6EF4D /* HomeMenuViewController.xib */ = {isa = PBXFileReference; lastKnownFileType = file.xib; path = HomeMenuViewController.xib; sourceTree = "<group>"; };
		065A0DA52A3E057100FDD060 /* Coordinator.swift */ = {isa = PBXFileReference; lastKnownFileType = sourcecode.swift; path = Coordinator.swift; sourceTree = "<group>"; };
		065A0DA72A3E071300FDD060 /* AppCoordinator.swift */ = {isa = PBXFileReference; lastKnownFileType = sourcecode.swift; path = AppCoordinator.swift; sourceTree = "<group>"; };
		065A0DAA2A3E0A1600FDD060 /* AppFactory.swift */ = {isa = PBXFileReference; lastKnownFileType = sourcecode.swift; path = AppFactory.swift; sourceTree = "<group>"; };
		065A0DAC2A3E0B2500FDD060 /* HomeCoordinator.swift */ = {isa = PBXFileReference; lastKnownFileType = sourcecode.swift; path = HomeCoordinator.swift; sourceTree = "<group>"; };
		065A0DAE2A3E375200FDD060 /* HomeFactory.swift */ = {isa = PBXFileReference; lastKnownFileType = sourcecode.swift; path = HomeFactory.swift; sourceTree = "<group>"; };
		067BED412A5DBC9300AA1B19 /* MenuRepository.swift */ = {isa = PBXFileReference; lastKnownFileType = sourcecode.swift; path = MenuRepository.swift; sourceTree = "<group>"; };
		067BED452A5DBD4500AA1B19 /* MenuRepositoryImp.swift */ = {isa = PBXFileReference; lastKnownFileType = sourcecode.swift; path = MenuRepositoryImp.swift; sourceTree = "<group>"; };
		067BED502A5EEB4F00AA1B19 /* ServiceLayer.swift */ = {isa = PBXFileReference; lastKnownFileType = sourcecode.swift; path = ServiceLayer.swift; sourceTree = "<group>"; };
		067BED532A5EEBF700AA1B19 /* NetworkError.swift */ = {isa = PBXFileReference; lastKnownFileType = sourcecode.swift; path = NetworkError.swift; sourceTree = "<group>"; };
		067BED562A5EED4600AA1B19 /* RequestModel.swift */ = {isa = PBXFileReference; lastKnownFileType = sourcecode.swift; path = RequestModel.swift; sourceTree = "<group>"; };
		067BED582A5EEDB000AA1B19 /* Constants.swift */ = {isa = PBXFileReference; lastKnownFileType = sourcecode.swift; path = Constants.swift; sourceTree = "<group>"; };
		067BED5A2A5F1CE700AA1B19 /* Utils.swift */ = {isa = PBXFileReference; lastKnownFileType = sourcecode.swift; path = Utils.swift; sourceTree = "<group>"; };
		067BED5D2A5F1DA700AA1B19 /* MenuItems.json */ = {isa = PBXFileReference; lastKnownFileType = text.json; path = MenuItems.json; sourceTree = "<group>"; };
		06B9C7932A3A886F009C6FFD /* RickyAndMorty.app */ = {isa = PBXFileReference; explicitFileType = wrapper.application; includeInIndex = 0; path = RickyAndMorty.app; sourceTree = BUILT_PRODUCTS_DIR; };
		06B9C7962A3A886F009C6FFD /* AppDelegate.swift */ = {isa = PBXFileReference; lastKnownFileType = sourcecode.swift; path = AppDelegate.swift; sourceTree = "<group>"; };
		06B9C7982A3A886F009C6FFD /* SceneDelegate.swift */ = {isa = PBXFileReference; lastKnownFileType = sourcecode.swift; path = SceneDelegate.swift; sourceTree = "<group>"; };
		06B9C79F2A3A8871009C6FFD /* Assets.xcassets */ = {isa = PBXFileReference; lastKnownFileType = folder.assetcatalog; path = Assets.xcassets; sourceTree = "<group>"; };
		06B9C7A22A3A8871009C6FFD /* Base */ = {isa = PBXFileReference; lastKnownFileType = file.storyboard; name = Base; path = Base.lproj/LaunchScreen.storyboard; sourceTree = "<group>"; };
		06B9C7A42A3A8871009C6FFD /* Info.plist */ = {isa = PBXFileReference; lastKnownFileType = text.plist.xml; path = Info.plist; sourceTree = "<group>"; };
		06B9C7A92A3A8871009C6FFD /* RickyAndMortyTests.xctest */ = {isa = PBXFileReference; explicitFileType = wrapper.cfbundle; includeInIndex = 0; path = RickyAndMortyTests.xctest; sourceTree = BUILT_PRODUCTS_DIR; };
		06B9C7AD2A3A8871009C6FFD /* RickyAndMortyTests.swift */ = {isa = PBXFileReference; lastKnownFileType = sourcecode.swift; path = RickyAndMortyTests.swift; sourceTree = "<group>"; };
		06B9C7B32A3A8871009C6FFD /* RickyAndMortyUITests.xctest */ = {isa = PBXFileReference; explicitFileType = wrapper.cfbundle; includeInIndex = 0; path = RickyAndMortyUITests.xctest; sourceTree = BUILT_PRODUCTS_DIR; };
/* End PBXFileReference section */

/* Begin PBXFrameworksBuildPhase section */
		06B9C7902A3A886F009C6FFD /* Frameworks */ = {
			isa = PBXFrameworksBuildPhase;
			buildActionMask = 2147483647;
			files = (
			);
			runOnlyForDeploymentPostprocessing = 0;
		};
		06B9C7A62A3A8871009C6FFD /* Frameworks */ = {
			isa = PBXFrameworksBuildPhase;
			buildActionMask = 2147483647;
			files = (
			);
			runOnlyForDeploymentPostprocessing = 0;
		};
		06B9C7B02A3A8871009C6FFD /* Frameworks */ = {
			isa = PBXFrameworksBuildPhase;
			buildActionMask = 2147483647;
			files = (
			);
			runOnlyForDeploymentPostprocessing = 0;
		};
/* End PBXFrameworksBuildPhase section */

/* Begin PBXGroup section */
		063F94912A426E0700F6EF4D /* Cell */ = {
			isa = PBXGroup;
			children = (
				063F94922A426E6500F6EF4D /* CharactersCell.swift */,
				063F94932A426E6500F6EF4D /* CharactersCell.xib */,
			);
			path = Cell;
			sourceTree = "<group>";
		};
		067BED3B2A5DBA6400AA1B19 /* Presentation */ = {
			isa = PBXGroup;
			children = (
				063F94912A426E0700F6EF4D /* Cell */,
				063F94992A426EDD00F6EF4D /* HomeMenuViewController.swift */,
				063F949A2A426EDD00F6EF4D /* HomeMenuViewController.xib */,
			);
			path = Presentation;
			sourceTree = "<group>";
		};
		067BED3D2A5DBA7B00AA1B19 /* Domain */ = {
			isa = PBXGroup;
			children = (
				067BED402A5DBC6600AA1B19 /* InterfacesRepository */,
			);
			path = Domain;
			sourceTree = "<group>";
		};
		067BED402A5DBC6600AA1B19 /* InterfacesRepository */ = {
			isa = PBXGroup;
			children = (
				067BED412A5DBC9300AA1B19 /* MenuRepository.swift */,
				067BED452A5DBD4500AA1B19 /* MenuRepositoryImp.swift */,
			);
			path = InterfacesRepository;
			sourceTree = "<group>";
		};
		067BED4C2A5DE00F00AA1B19 /* Model */ = {
			isa = PBXGroup;
			children = (
			);
			path = Model;
			sourceTree = "<group>";
		};
		067BED5C2A5F1D3C00AA1B19 /* Mock */ = {
			isa = PBXGroup;
			children = (
				067BED5D2A5F1DA700AA1B19 /* MenuItems.json */,
			);
			path = Mock;
			sourceTree = "<group>";
		};
		06B9C78A2A3A886F009C6FFD = {
			isa = PBXGroup;
			children = (
				06B9C7952A3A886F009C6FFD /* RickyAndMorty */,
				06B9C7AC2A3A8871009C6FFD /* RickyAndMortyTests */,
				06B9C7942A3A886F009C6FFD /* Products */,
			);
			sourceTree = "<group>";
		};
		06B9C7942A3A886F009C6FFD /* Products */ = {
			isa = PBXGroup;
			children = (
				06B9C7932A3A886F009C6FFD /* RickyAndMorty.app */,
				06B9C7A92A3A8871009C6FFD /* RickyAndMortyTests.xctest */,
				06B9C7B32A3A8871009C6FFD /* RickyAndMortyUITests.xctest */,
			);
			name = Products;
			sourceTree = "<group>";
		};
		06B9C7952A3A886F009C6FFD /* RickyAndMorty */ = {
			isa = PBXGroup;
			children = (
				06B9C7C62A3A8B7C009C6FFD /* App */,
				06B9C7A42A3A8871009C6FFD /* Info.plist */,
			);
			path = RickyAndMorty;
			sourceTree = "<group>";
		};
		06B9C7AC2A3A8871009C6FFD /* RickyAndMortyTests */ = {
			isa = PBXGroup;
			children = (
				06B9C7AD2A3A8871009C6FFD /* RickyAndMortyTests.swift */,
			);
			path = RickyAndMortyTests;
			sourceTree = "<group>";
		};
		06B9C7C62A3A8B7C009C6FFD /* App */ = {
			isa = PBXGroup;
			children = (
				067BED4C2A5DE00F00AA1B19 /* Model */,
				06B9C7CC2A3A8BF7009C6FFD /* Storage */,
				06B9C7CB2A3A8BE7009C6FFD /* ScreenModules */,
				06B9C7CA2A3A8BDE009C6FFD /* Resources */,
				06B9C7C92A3A8BC6009C6FFD /* Networking */,
				06B9C7C82A3A8B97009C6FFD /* CompositionRoot */,
				06B9C7C72A3A8B90009C6FFD /* Common */,
			);
			path = App;
			sourceTree = "<group>";
		};
		06B9C7C72A3A8B90009C6FFD /* Common */ = {
			isa = PBXGroup;
			children = (
				06B9C7D22A3A8C6C009C6FFD /* Utils */,
				06B9C7D12A3A8C5F009C6FFD /* Localize */,
				06B9C7D02A3A8C52009C6FFD /* Layer */,
				06B9C7CF2A3A8C41009C6FFD /* Extension */,
				06B9C7CE2A3A8C28009C6FFD /* Constants */,
				06B9C7CD2A3A8C1A009C6FFD /* Components */,
			);
			path = Common;
			sourceTree = "<group>";
		};
		06B9C7C82A3A8B97009C6FFD /* CompositionRoot */ = {
			isa = PBXGroup;
			children = (
				06B9C7D82A3A8CF3009C6FFD /* System */,
				06B9C7D72A3A8CE5009C6FFD /* Factories */,
				06B9C7D62A3A8CDD009C6FFD /* Coordinator */,
			);
			path = CompositionRoot;
			sourceTree = "<group>";
		};
		06B9C7C92A3A8BC6009C6FFD /* Networking */ = {
			isa = PBXGroup;
			children = (
				067BED502A5EEB4F00AA1B19 /* ServiceLayer.swift */,
				067BED532A5EEBF700AA1B19 /* NetworkError.swift */,
				067BED562A5EED4600AA1B19 /* RequestModel.swift */,
			);
			path = Networking;
			sourceTree = "<group>";
		};
		06B9C7CA2A3A8BDE009C6FFD /* Resources */ = {
			isa = PBXGroup;
			children = (
				06B9C79F2A3A8871009C6FFD /* Assets.xcassets */,
			);
			path = Resources;
			sourceTree = "<group>";
		};
		06B9C7CB2A3A8BE7009C6FFD /* ScreenModules */ = {
			isa = PBXGroup;
			children = (
				06B9C7E62A3A9060009C6FFD /* LaunchScreen */,
				06B9C7E52A3A8F50009C6FFD /* LocationDetail */,
				06B9C7E42A3A8F39009C6FFD /* Origin */,
				06B9C7E32A3A8EE0009C6FFD /* Locations */,
				06B9C7E22A3A8ED3009C6FFD /* HomeMenu */,
				06B9C7E12A3A8EC4009C6FFD /* Episodes */,
				06B9C7E02A3A8EBA009C6FFD /* Characters */,
				06B9C7DF2A3A8EAE009C6FFD /* CharacterDetail */,
			);
			path = ScreenModules;
			sourceTree = "<group>";
		};
		06B9C7CC2A3A8BF7009C6FFD /* Storage */ = {
			isa = PBXGroup;
			children = (
			);
			path = Storage;
			sourceTree = "<group>";
		};
		06B9C7CD2A3A8C1A009C6FFD /* Components */ = {
			isa = PBXGroup;
			children = (
			);
			path = Components;
			sourceTree = "<group>";
		};
		06B9C7CE2A3A8C28009C6FFD /* Constants */ = {
			isa = PBXGroup;
			children = (
				067BED582A5EEDB000AA1B19 /* Constants.swift */,
			);
			path = Constants;
			sourceTree = "<group>";
		};
		06B9C7CF2A3A8C41009C6FFD /* Extension */ = {
			isa = PBXGroup;
			children = (
				063F948F2A426C7600F6EF4D /* DequeuableRegistrableCell.swift */,
			);
			path = Extension;
			sourceTree = "<group>";
		};
		06B9C7D02A3A8C52009C6FFD /* Layer */ = {
			isa = PBXGroup;
			children = (
				06B9C7D52A3A8CA0009C6FFD /* Presentation */,
				06B9C7D42A3A8C92009C6FFD /* Domain */,
				06B9C7D32A3A8C8B009C6FFD /* Data */,
			);
			path = Layer;
			sourceTree = "<group>";
		};
		06B9C7D12A3A8C5F009C6FFD /* Localize */ = {
			isa = PBXGroup;
			children = (
			);
			path = Localize;
			sourceTree = "<group>";
		};
		06B9C7D22A3A8C6C009C6FFD /* Utils */ = {
			isa = PBXGroup;
			children = (
				067BED5C2A5F1D3C00AA1B19 /* Mock */,
				067BED5A2A5F1CE700AA1B19 /* Utils.swift */,
			);
			path = Utils;
			sourceTree = "<group>";
		};
		06B9C7D32A3A8C8B009C6FFD /* Data */ = {
			isa = PBXGroup;
			children = (
			);
			path = Data;
			sourceTree = "<group>";
		};
		06B9C7D42A3A8C92009C6FFD /* Domain */ = {
			isa = PBXGroup;
			children = (
			);
			path = Domain;
			sourceTree = "<group>";
		};
		06B9C7D52A3A8CA0009C6FFD /* Presentation */ = {
			isa = PBXGroup;
			children = (
			);
			path = Presentation;
			sourceTree = "<group>";
		};
		06B9C7D62A3A8CDD009C6FFD /* Coordinator */ = {
			isa = PBXGroup;
			children = (
				06B9C7DA2A3A8D33009C6FFD /* CoordinatorScreens */,
				06B9C7D92A3A8D22009C6FFD /* AppCoordinator */,
			);
			path = Coordinator;
			sourceTree = "<group>";
		};
		06B9C7D72A3A8CE5009C6FFD /* Factories */ = {
			isa = PBXGroup;
			children = (
				065A0DAA2A3E0A1600FDD060 /* AppFactory.swift */,
				065A0DAE2A3E375200FDD060 /* HomeFactory.swift */,
			);
			path = Factories;
			sourceTree = "<group>";
		};
		06B9C7D82A3A8CF3009C6FFD /* System */ = {
			isa = PBXGroup;
			children = (
				06B9C7982A3A886F009C6FFD /* SceneDelegate.swift */,
				06B9C7962A3A886F009C6FFD /* AppDelegate.swift */,
			);
			path = System;
			sourceTree = "<group>";
		};
		06B9C7D92A3A8D22009C6FFD /* AppCoordinator */ = {
			isa = PBXGroup;
			children = (
				065A0DA52A3E057100FDD060 /* Coordinator.swift */,
				065A0DA72A3E071300FDD060 /* AppCoordinator.swift */,
			);
			path = AppCoordinator;
			sourceTree = "<group>";
		};
		06B9C7DA2A3A8D33009C6FFD /* CoordinatorScreens */ = {
			isa = PBXGroup;
			children = (
				065A0DAC2A3E0B2500FDD060 /* HomeCoordinator.swift */,
			);
			path = CoordinatorScreens;
			sourceTree = "<group>";
		};
		06B9C7DF2A3A8EAE009C6FFD /* CharacterDetail */ = {
			isa = PBXGroup;
			children = (
			);
			path = CharacterDetail;
			sourceTree = "<group>";
		};
		06B9C7E02A3A8EBA009C6FFD /* Characters */ = {
			isa = PBXGroup;
			children = (
			);
			path = Characters;
			sourceTree = "<group>";
		};
		06B9C7E12A3A8EC4009C6FFD /* Episodes */ = {
			isa = PBXGroup;
			children = (
			);
			path = Episodes;
			sourceTree = "<group>";
		};
		06B9C7E22A3A8ED3009C6FFD /* HomeMenu */ = {
			isa = PBXGroup;
			children = (
				067BED3D2A5DBA7B00AA1B19 /* Domain */,
				067BED3B2A5DBA6400AA1B19 /* Presentation */,
			);
			path = HomeMenu;
			sourceTree = "<group>";
		};
		06B9C7E32A3A8EE0009C6FFD /* Locations */ = {
			isa = PBXGroup;
			children = (
			);
			path = Locations;
			sourceTree = "<group>";
		};
		06B9C7E42A3A8F39009C6FFD /* Origin */ = {
			isa = PBXGroup;
			children = (
			);
			path = Origin;
			sourceTree = "<group>";
		};
		06B9C7E52A3A8F50009C6FFD /* LocationDetail */ = {
			isa = PBXGroup;
			children = (
			);
			path = LocationDetail;
			sourceTree = "<group>";
		};
		06B9C7E62A3A9060009C6FFD /* LaunchScreen */ = {
			isa = PBXGroup;
			children = (
				06B9C7A12A3A8871009C6FFD /* LaunchScreen.storyboard */,
			);
			path = LaunchScreen;
			sourceTree = "<group>";
		};
/* End PBXGroup section */

/* Begin PBXNativeTarget section */
		06B9C7922A3A886F009C6FFD /* RickyAndMorty */ = {
			isa = PBXNativeTarget;
			buildConfigurationList = 06B9C7BD2A3A8871009C6FFD /* Build configuration list for PBXNativeTarget "RickyAndMorty" */;
			buildPhases = (
				06B9C78F2A3A886F009C6FFD /* Sources */,
				06B9C7902A3A886F009C6FFD /* Frameworks */,
				06B9C7912A3A886F009C6FFD /* Resources */,
			);
			buildRules = (
			);
			dependencies = (
			);
			name = RickyAndMorty;
			productName = RickyAndMorty;
			productReference = 06B9C7932A3A886F009C6FFD /* RickyAndMorty.app */;
			productType = "com.apple.product-type.application";
		};
		06B9C7A82A3A8871009C6FFD /* RickyAndMortyTests */ = {
			isa = PBXNativeTarget;
			buildConfigurationList = 06B9C7C02A3A8871009C6FFD /* Build configuration list for PBXNativeTarget "RickyAndMortyTests" */;
			buildPhases = (
				06B9C7A52A3A8871009C6FFD /* Sources */,
				06B9C7A62A3A8871009C6FFD /* Frameworks */,
				06B9C7A72A3A8871009C6FFD /* Resources */,
			);
			buildRules = (
			);
			dependencies = (
				06B9C7AB2A3A8871009C6FFD /* PBXTargetDependency */,
			);
			name = RickyAndMortyTests;
			productName = RickyAndMortyTests;
			productReference = 06B9C7A92A3A8871009C6FFD /* RickyAndMortyTests.xctest */;
			productType = "com.apple.product-type.bundle.unit-test";
		};
		06B9C7B22A3A8871009C6FFD /* RickyAndMortyUITests */ = {
			isa = PBXNativeTarget;
			buildConfigurationList = 06B9C7C32A3A8871009C6FFD /* Build configuration list for PBXNativeTarget "RickyAndMortyUITests" */;
			buildPhases = (
				06B9C7AF2A3A8871009C6FFD /* Sources */,
				06B9C7B02A3A8871009C6FFD /* Frameworks */,
				06B9C7B12A3A8871009C6FFD /* Resources */,
			);
			buildRules = (
			);
			dependencies = (
				06B9C7B52A3A8871009C6FFD /* PBXTargetDependency */,
			);
			name = RickyAndMortyUITests;
			productName = RickyAndMortyUITests;
			productReference = 06B9C7B32A3A8871009C6FFD /* RickyAndMortyUITests.xctest */;
			productType = "com.apple.product-type.bundle.ui-testing";
		};
/* End PBXNativeTarget section */

/* Begin PBXProject section */
		06B9C78B2A3A886F009C6FFD /* Project object */ = {
			isa = PBXProject;
			attributes = {
				BuildIndependentTargetsInParallel = 1;
				LastSwiftUpdateCheck = 1430;
				LastUpgradeCheck = 1430;
				TargetAttributes = {
					06B9C7922A3A886F009C6FFD = {
						CreatedOnToolsVersion = 14.3.1;
					};
					06B9C7A82A3A8871009C6FFD = {
						CreatedOnToolsVersion = 14.3.1;
						TestTargetID = 06B9C7922A3A886F009C6FFD;
					};
					06B9C7B22A3A8871009C6FFD = {
						CreatedOnToolsVersion = 14.3.1;
						TestTargetID = 06B9C7922A3A886F009C6FFD;
					};
				};
			};
			buildConfigurationList = 06B9C78E2A3A886F009C6FFD /* Build configuration list for PBXProject "RickyAndMorty" */;
			compatibilityVersion = "Xcode 14.0";
			developmentRegion = en;
			hasScannedForEncodings = 0;
			knownRegions = (
				en,
				Base,
			);
			mainGroup = 06B9C78A2A3A886F009C6FFD;
			productRefGroup = 06B9C7942A3A886F009C6FFD /* Products */;
			projectDirPath = "";
			projectRoot = "";
			targets = (
				06B9C7922A3A886F009C6FFD /* RickyAndMorty */,
				06B9C7A82A3A8871009C6FFD /* RickyAndMortyTests */,
				06B9C7B22A3A8871009C6FFD /* RickyAndMortyUITests */,
			);
		};
/* End PBXProject section */

/* Begin PBXResourcesBuildPhase section */
		06B9C7912A3A886F009C6FFD /* Resources */ = {
			isa = PBXResourcesBuildPhase;
			buildActionMask = 2147483647;
			files = (
				063F949C2A426EDD00F6EF4D /* HomeMenuViewController.xib in Resources */,
				06B9C7A32A3A8871009C6FFD /* LaunchScreen.storyboard in Resources */,
				06B9C7A02A3A8871009C6FFD /* Assets.xcassets in Resources */,
				063F94952A426E6500F6EF4D /* CharactersCell.xib in Resources */,
			);
			runOnlyForDeploymentPostprocessing = 0;
		};
		06B9C7A72A3A8871009C6FFD /* Resources */ = {
			isa = PBXResourcesBuildPhase;
			buildActionMask = 2147483647;
			files = (
			);
			runOnlyForDeploymentPostprocessing = 0;
		};
		06B9C7B12A3A8871009C6FFD /* Resources */ = {
			isa = PBXResourcesBuildPhase;
			buildActionMask = 2147483647;
			files = (
			);
			runOnlyForDeploymentPostprocessing = 0;
		};
/* End PBXResourcesBuildPhase section */

/* Begin PBXSourcesBuildPhase section */
		06B9C78F2A3A886F009C6FFD /* Sources */ = {
			isa = PBXSourcesBuildPhase;
			buildActionMask = 2147483647;
			files = (
				065A0DA62A3E057100FDD060 /* Coordinator.swift in Sources */,
				067BED542A5EEBF700AA1B19 /* NetworkError.swift in Sources */,
				065A0DA82A3E071300FDD060 /* AppCoordinator.swift in Sources */,
				067BED592A5EEDB000AA1B19 /* Constants.swift in Sources */,
				065A0DAD2A3E0B2500FDD060 /* HomeCoordinator.swift in Sources */,
				06B9C7972A3A886F009C6FFD /* AppDelegate.swift in Sources */,
				067BED572A5EED4600AA1B19 /* RequestModel.swift in Sources */,
				067BED512A5EEB4F00AA1B19 /* ServiceLayer.swift in Sources */,
				063F949B2A426EDD00F6EF4D /* HomeMenuViewController.swift in Sources */,
				067BED5B2A5F1CE700AA1B19 /* Utils.swift in Sources */,
				065A0DAF2A3E375200FDD060 /* HomeFactory.swift in Sources */,
				065A0DAB2A3E0A1600FDD060 /* AppFactory.swift in Sources */,
				067BED462A5DBD4500AA1B19 /* MenuRepositoryImp.swift in Sources */,
				067BED422A5DBC9300AA1B19 /* MenuRepository.swift in Sources */,
				06B9C7992A3A886F009C6FFD /* SceneDelegate.swift in Sources */,
				063F94902A426C7600F6EF4D /* DequeuableRegistrableCell.swift in Sources */,
				063F94942A426E6500F6EF4D /* CharactersCell.swift in Sources */,
				067BED5E2A5F1DA700AA1B19 /* MenuItems.json in Sources */,
			);
			runOnlyForDeploymentPostprocessing = 0;
		};
		06B9C7A52A3A8871009C6FFD /* Sources */ = {
			isa = PBXSourcesBuildPhase;
			buildActionMask = 2147483647;
			files = (
				06B9C7AE2A3A8871009C6FFD /* RickyAndMortyTests.swift in Sources */,
			);
			runOnlyForDeploymentPostprocessing = 0;
		};
		06B9C7AF2A3A8871009C6FFD /* Sources */ = {
			isa = PBXSourcesBuildPhase;
			buildActionMask = 2147483647;
			files = (
			);
			runOnlyForDeploymentPostprocessing = 0;
		};
/* End PBXSourcesBuildPhase section */

/* Begin PBXTargetDependency section */
		06B9C7AB2A3A8871009C6FFD /* PBXTargetDependency */ = {
			isa = PBXTargetDependency;
			target = 06B9C7922A3A886F009C6FFD /* RickyAndMorty */;
			targetProxy = 06B9C7AA2A3A8871009C6FFD /* PBXContainerItemProxy */;
		};
		06B9C7B52A3A8871009C6FFD /* PBXTargetDependency */ = {
			isa = PBXTargetDependency;
			target = 06B9C7922A3A886F009C6FFD /* RickyAndMorty */;
			targetProxy = 06B9C7B42A3A8871009C6FFD /* PBXContainerItemProxy */;
		};
/* End PBXTargetDependency section */

/* Begin PBXVariantGroup section */
		06B9C7A12A3A8871009C6FFD /* LaunchScreen.storyboard */ = {
			isa = PBXVariantGroup;
			children = (
				06B9C7A22A3A8871009C6FFD /* Base */,
			);
			name = LaunchScreen.storyboard;
			sourceTree = "<group>";
		};
/* End PBXVariantGroup section */

/* Begin XCBuildConfiguration section */
		06B9C7BB2A3A8871009C6FFD /* Debug */ = {
			isa = XCBuildConfiguration;
			buildSettings = {
				ALWAYS_SEARCH_USER_PATHS = NO;
				CLANG_ANALYZER_NONNULL = YES;
				CLANG_ANALYZER_NUMBER_OBJECT_CONVERSION = YES_AGGRESSIVE;
				CLANG_CXX_LANGUAGE_STANDARD = "gnu++20";
				CLANG_ENABLE_MODULES = YES;
				CLANG_ENABLE_OBJC_ARC = YES;
				CLANG_ENABLE_OBJC_WEAK = YES;
				CLANG_WARN_BLOCK_CAPTURE_AUTORELEASING = YES;
				CLANG_WARN_BOOL_CONVERSION = YES;
				CLANG_WARN_COMMA = YES;
				CLANG_WARN_CONSTANT_CONVERSION = YES;
				CLANG_WARN_DEPRECATED_OBJC_IMPLEMENTATIONS = YES;
				CLANG_WARN_DIRECT_OBJC_ISA_USAGE = YES_ERROR;
				CLANG_WARN_DOCUMENTATION_COMMENTS = YES;
				CLANG_WARN_EMPTY_BODY = YES;
				CLANG_WARN_ENUM_CONVERSION = YES;
				CLANG_WARN_INFINITE_RECURSION = YES;
				CLANG_WARN_INT_CONVERSION = YES;
				CLANG_WARN_NON_LITERAL_NULL_CONVERSION = YES;
				CLANG_WARN_OBJC_IMPLICIT_RETAIN_SELF = YES;
				CLANG_WARN_OBJC_LITERAL_CONVERSION = YES;
				CLANG_WARN_OBJC_ROOT_CLASS = YES_ERROR;
				CLANG_WARN_QUOTED_INCLUDE_IN_FRAMEWORK_HEADER = YES;
				CLANG_WARN_RANGE_LOOP_ANALYSIS = YES;
				CLANG_WARN_STRICT_PROTOTYPES = YES;
				CLANG_WARN_SUSPICIOUS_MOVE = YES;
				CLANG_WARN_UNGUARDED_AVAILABILITY = YES_AGGRESSIVE;
				CLANG_WARN_UNREACHABLE_CODE = YES;
				CLANG_WARN__DUPLICATE_METHOD_MATCH = YES;
				COPY_PHASE_STRIP = NO;
				DEBUG_INFORMATION_FORMAT = dwarf;
				ENABLE_STRICT_OBJC_MSGSEND = YES;
				ENABLE_TESTABILITY = YES;
				GCC_C_LANGUAGE_STANDARD = gnu11;
				GCC_DYNAMIC_NO_PIC = NO;
				GCC_NO_COMMON_BLOCKS = YES;
				GCC_OPTIMIZATION_LEVEL = 0;
				GCC_PREPROCESSOR_DEFINITIONS = (
					"DEBUG=1",
					"$(inherited)",
				);
				GCC_WARN_64_TO_32_BIT_CONVERSION = YES;
				GCC_WARN_ABOUT_RETURN_TYPE = YES_ERROR;
				GCC_WARN_UNDECLARED_SELECTOR = YES;
				GCC_WARN_UNINITIALIZED_AUTOS = YES_AGGRESSIVE;
				GCC_WARN_UNUSED_FUNCTION = YES;
				GCC_WARN_UNUSED_VARIABLE = YES;
				IPHONEOS_DEPLOYMENT_TARGET = 16.4;
				MTL_ENABLE_DEBUG_INFO = INCLUDE_SOURCE;
				MTL_FAST_MATH = YES;
				ONLY_ACTIVE_ARCH = YES;
				SDKROOT = iphoneos;
				SWIFT_ACTIVE_COMPILATION_CONDITIONS = DEBUG;
				SWIFT_OPTIMIZATION_LEVEL = "-Onone";
			};
			name = Debug;
		};
		06B9C7BC2A3A8871009C6FFD /* Release */ = {
			isa = XCBuildConfiguration;
			buildSettings = {
				ALWAYS_SEARCH_USER_PATHS = NO;
				CLANG_ANALYZER_NONNULL = YES;
				CLANG_ANALYZER_NUMBER_OBJECT_CONVERSION = YES_AGGRESSIVE;
				CLANG_CXX_LANGUAGE_STANDARD = "gnu++20";
				CLANG_ENABLE_MODULES = YES;
				CLANG_ENABLE_OBJC_ARC = YES;
				CLANG_ENABLE_OBJC_WEAK = YES;
				CLANG_WARN_BLOCK_CAPTURE_AUTORELEASING = YES;
				CLANG_WARN_BOOL_CONVERSION = YES;
				CLANG_WARN_COMMA = YES;
				CLANG_WARN_CONSTANT_CONVERSION = YES;
				CLANG_WARN_DEPRECATED_OBJC_IMPLEMENTATIONS = YES;
				CLANG_WARN_DIRECT_OBJC_ISA_USAGE = YES_ERROR;
				CLANG_WARN_DOCUMENTATION_COMMENTS = YES;
				CLANG_WARN_EMPTY_BODY = YES;
				CLANG_WARN_ENUM_CONVERSION = YES;
				CLANG_WARN_INFINITE_RECURSION = YES;
				CLANG_WARN_INT_CONVERSION = YES;
				CLANG_WARN_NON_LITERAL_NULL_CONVERSION = YES;
				CLANG_WARN_OBJC_IMPLICIT_RETAIN_SELF = YES;
				CLANG_WARN_OBJC_LITERAL_CONVERSION = YES;
				CLANG_WARN_OBJC_ROOT_CLASS = YES_ERROR;
				CLANG_WARN_QUOTED_INCLUDE_IN_FRAMEWORK_HEADER = YES;
				CLANG_WARN_RANGE_LOOP_ANALYSIS = YES;
				CLANG_WARN_STRICT_PROTOTYPES = YES;
				CLANG_WARN_SUSPICIOUS_MOVE = YES;
				CLANG_WARN_UNGUARDED_AVAILABILITY = YES_AGGRESSIVE;
				CLANG_WARN_UNREACHABLE_CODE = YES;
				CLANG_WARN__DUPLICATE_METHOD_MATCH = YES;
				COPY_PHASE_STRIP = NO;
				DEBUG_INFORMATION_FORMAT = "dwarf-with-dsym";
				ENABLE_NS_ASSERTIONS = NO;
				ENABLE_STRICT_OBJC_MSGSEND = YES;
				GCC_C_LANGUAGE_STANDARD = gnu11;
				GCC_NO_COMMON_BLOCKS = YES;
				GCC_WARN_64_TO_32_BIT_CONVERSION = YES;
				GCC_WARN_ABOUT_RETURN_TYPE = YES_ERROR;
				GCC_WARN_UNDECLARED_SELECTOR = YES;
				GCC_WARN_UNINITIALIZED_AUTOS = YES_AGGRESSIVE;
				GCC_WARN_UNUSED_FUNCTION = YES;
				GCC_WARN_UNUSED_VARIABLE = YES;
				IPHONEOS_DEPLOYMENT_TARGET = 16.4;
				MTL_ENABLE_DEBUG_INFO = NO;
				MTL_FAST_MATH = YES;
				SDKROOT = iphoneos;
				SWIFT_COMPILATION_MODE = wholemodule;
				SWIFT_OPTIMIZATION_LEVEL = "-O";
				VALIDATE_PRODUCT = YES;
			};
			name = Release;
		};
		06B9C7BE2A3A8871009C6FFD /* Debug */ = {
			isa = XCBuildConfiguration;
			buildSettings = {
				ASSETCATALOG_COMPILER_APPICON_NAME = AppIcon;
				ASSETCATALOG_COMPILER_GLOBAL_ACCENT_COLOR_NAME = AccentColor;
				CODE_SIGN_STYLE = Automatic;
				CURRENT_PROJECT_VERSION = 1;
				DEVELOPMENT_TEAM = R8RFB244C2;
				GENERATE_INFOPLIST_FILE = YES;
				INFOPLIST_FILE = RickyAndMorty/Info.plist;
				INFOPLIST_KEY_UIApplicationSupportsIndirectInputEvents = YES;
				INFOPLIST_KEY_UILaunchStoryboardName = LaunchScreen;
				INFOPLIST_KEY_UIMainStoryboardFile = "";
				INFOPLIST_KEY_UISupportedInterfaceOrientations = UIInterfaceOrientationPortrait;
				LD_RUNPATH_SEARCH_PATHS = (
					"$(inherited)",
					"@executable_path/Frameworks",
				);
				MARKETING_VERSION = 1.0;
				PRODUCT_BUNDLE_IDENTIFIER = com.fabianzarate.RickyAndMorty;
				PRODUCT_NAME = "$(TARGET_NAME)";
				SWIFT_EMIT_LOC_STRINGS = YES;
				SWIFT_VERSION = 5.0;
				TARGETED_DEVICE_FAMILY = "1,2";
			};
			name = Debug;
		};
		06B9C7BF2A3A8871009C6FFD /* Release */ = {
			isa = XCBuildConfiguration;
			buildSettings = {
				ASSETCATALOG_COMPILER_APPICON_NAME = AppIcon;
				ASSETCATALOG_COMPILER_GLOBAL_ACCENT_COLOR_NAME = AccentColor;
				CODE_SIGN_STYLE = Automatic;
				CURRENT_PROJECT_VERSION = 1;
				DEVELOPMENT_TEAM = R8RFB244C2;
				GENERATE_INFOPLIST_FILE = YES;
				INFOPLIST_FILE = RickyAndMorty/Info.plist;
				INFOPLIST_KEY_UIApplicationSupportsIndirectInputEvents = YES;
				INFOPLIST_KEY_UILaunchStoryboardName = LaunchScreen;
				INFOPLIST_KEY_UIMainStoryboardFile = "";
				INFOPLIST_KEY_UISupportedInterfaceOrientations = UIInterfaceOrientationPortrait;
				LD_RUNPATH_SEARCH_PATHS = (
					"$(inherited)",
					"@executable_path/Frameworks",
				);
				MARKETING_VERSION = 1.0;
				PRODUCT_BUNDLE_IDENTIFIER = com.fabianzarate.RickyAndMorty;
				PRODUCT_NAME = "$(TARGET_NAME)";
				SWIFT_EMIT_LOC_STRINGS = YES;
				SWIFT_VERSION = 5.0;
				TARGETED_DEVICE_FAMILY = "1,2";
			};
			name = Release;
		};
		06B9C7C12A3A8871009C6FFD /* Debug */ = {
			isa = XCBuildConfiguration;
			buildSettings = {
				ALWAYS_EMBED_SWIFT_STANDARD_LIBRARIES = YES;
				BUNDLE_LOADER = "$(TEST_HOST)";
				CODE_SIGN_STYLE = Automatic;
				CURRENT_PROJECT_VERSION = 1;
				DEVELOPMENT_TEAM = R8RFB244C2;
				GENERATE_INFOPLIST_FILE = YES;
				IPHONEOS_DEPLOYMENT_TARGET = 16.4;
				MARKETING_VERSION = 1.0;
				PRODUCT_BUNDLE_IDENTIFIER = com.fabianzarate.RickyAndMortyTests;
				PRODUCT_NAME = "$(TARGET_NAME)";
				SWIFT_EMIT_LOC_STRINGS = NO;
				SWIFT_VERSION = 5.0;
				TARGETED_DEVICE_FAMILY = "1,2";
				TEST_HOST = "$(BUILT_PRODUCTS_DIR)/RickyAndMorty.app/$(BUNDLE_EXECUTABLE_FOLDER_PATH)/RickyAndMorty";
			};
			name = Debug;
		};
		06B9C7C22A3A8871009C6FFD /* Release */ = {
			isa = XCBuildConfiguration;
			buildSettings = {
				ALWAYS_EMBED_SWIFT_STANDARD_LIBRARIES = YES;
				BUNDLE_LOADER = "$(TEST_HOST)";
				CODE_SIGN_STYLE = Automatic;
				CURRENT_PROJECT_VERSION = 1;
				DEVELOPMENT_TEAM = R8RFB244C2;
				GENERATE_INFOPLIST_FILE = YES;
				IPHONEOS_DEPLOYMENT_TARGET = 16.4;
				MARKETING_VERSION = 1.0;
				PRODUCT_BUNDLE_IDENTIFIER = com.fabianzarate.RickyAndMortyTests;
				PRODUCT_NAME = "$(TARGET_NAME)";
				SWIFT_EMIT_LOC_STRINGS = NO;
				SWIFT_VERSION = 5.0;
				TARGETED_DEVICE_FAMILY = "1,2";
				TEST_HOST = "$(BUILT_PRODUCTS_DIR)/RickyAndMorty.app/$(BUNDLE_EXECUTABLE_FOLDER_PATH)/RickyAndMorty";
			};
			name = Release;
		};
		06B9C7C42A3A8871009C6FFD /* Debug */ = {
			isa = XCBuildConfiguration;
			buildSettings = {
				ALWAYS_EMBED_SWIFT_STANDARD_LIBRARIES = YES;
				CODE_SIGN_STYLE = Automatic;
				CURRENT_PROJECT_VERSION = 1;
				DEVELOPMENT_TEAM = R8RFB244C2;
				GENERATE_INFOPLIST_FILE = YES;
				MARKETING_VERSION = 1.0;
				PRODUCT_BUNDLE_IDENTIFIER = com.fabianzarate.RickyAndMortyUITests;
				PRODUCT_NAME = "$(TARGET_NAME)";
				SWIFT_EMIT_LOC_STRINGS = NO;
				SWIFT_VERSION = 5.0;
				TARGETED_DEVICE_FAMILY = "1,2";
				TEST_TARGET_NAME = RickyAndMorty;
			};
			name = Debug;
		};
		06B9C7C52A3A8871009C6FFD /* Release */ = {
			isa = XCBuildConfiguration;
			buildSettings = {
				ALWAYS_EMBED_SWIFT_STANDARD_LIBRARIES = YES;
				CODE_SIGN_STYLE = Automatic;
				CURRENT_PROJECT_VERSION = 1;
				DEVELOPMENT_TEAM = R8RFB244C2;
				GENERATE_INFOPLIST_FILE = YES;
				MARKETING_VERSION = 1.0;
				PRODUCT_BUNDLE_IDENTIFIER = com.fabianzarate.RickyAndMortyUITests;
				PRODUCT_NAME = "$(TARGET_NAME)";
				SWIFT_EMIT_LOC_STRINGS = NO;
				SWIFT_VERSION = 5.0;
				TARGETED_DEVICE_FAMILY = "1,2";
				TEST_TARGET_NAME = RickyAndMorty;
			};
			name = Release;
		};
/* End XCBuildConfiguration section */

/* Begin XCConfigurationList section */
		06B9C78E2A3A886F009C6FFD /* Build configuration list for PBXProject "RickyAndMorty" */ = {
			isa = XCConfigurationList;
			buildConfigurations = (
				06B9C7BB2A3A8871009C6FFD /* Debug */,
				06B9C7BC2A3A8871009C6FFD /* Release */,
			);
			defaultConfigurationIsVisible = 0;
			defaultConfigurationName = Release;
		};
		06B9C7BD2A3A8871009C6FFD /* Build configuration list for PBXNativeTarget "RickyAndMorty" */ = {
			isa = XCConfigurationList;
			buildConfigurations = (
				06B9C7BE2A3A8871009C6FFD /* Debug */,
				06B9C7BF2A3A8871009C6FFD /* Release */,
			);
			defaultConfigurationIsVisible = 0;
			defaultConfigurationName = Release;
		};
		06B9C7C02A3A8871009C6FFD /* Build configuration list for PBXNativeTarget "RickyAndMortyTests" */ = {
			isa = XCConfigurationList;
			buildConfigurations = (
				06B9C7C12A3A8871009C6FFD /* Debug */,
				06B9C7C22A3A8871009C6FFD /* Release */,
			);
			defaultConfigurationIsVisible = 0;
			defaultConfigurationName = Release;
		};
		06B9C7C32A3A8871009C6FFD /* Build configuration list for PBXNativeTarget "RickyAndMortyUITests" */ = {
			isa = XCConfigurationList;
			buildConfigurations = (
				06B9C7C42A3A8871009C6FFD /* Debug */,
				06B9C7C52A3A8871009C6FFD /* Release */,
			);
			defaultConfigurationIsVisible = 0;
			defaultConfigurationName = Release;
		};
/* End XCConfigurationList section */
	};
	rootObject = 06B9C78B2A3A886F009C6FFD /* Project object */;
}
